
Microsoft Visual Studio Solution File, Format Version 12.00
# Visual Studio Version 17
VisualStudioVersion = 17.9.34622.214
MinimumVisualStudioVersion = 10.0.40219.1
Project("{FAE04EC0-301F-11D3-BF4B-00C04F79EFBC}") = "DBAPI", "DBAPI.csproj", "{9EB92E3E-9B5F-4F1B-A788-7E7DE1ADCC9A}"
EndProject
Global
	GlobalSection(SolutionConfigurationPlatforms) = preSolution
		Debug|Any CPU = Debug|Any CPU
		Release|Any CPU = Release|Any CPU
	EndGlobalSection
	GlobalSection(ProjectConfigurationPlatforms) = postSolution
		{9EB92E3E-9B5F-4F1B-A788-7E7DE1ADCC9A}.Debug|Any CPU.ActiveCfg = Debug|Any CPU
		{9EB92E3E-9B5F-4F1B-A788-7E7DE1ADCC9A}.Debug|Any CPU.Build.0 = Debug|Any CPU
		{9EB92E3E-9B5F-4F1B-A788-7E7DE1ADCC9A}.Release|Any CPU.ActiveCfg = Release|Any CPU
		{9EB92E3E-9B5F-4F1B-A788-7E7DE1ADCC9A}.Release|Any CPU.Build.0 = Release|Any CPU
	EndGlobalSection
	GlobalSection(SolutionProperties) = preSolution
		HideSolutionNode = FALSE
	EndGlobalSection
	GlobalSection(ExtensibilityGlobals) = postSolution
		SolutionGuid = {6D7EF615-361F-4F5E-9801-7FFF9EBC50B9}
	EndGlobalSection
EndGlobal
